{
  "nodes": {
    "flake-utils": {
      "inputs": {
        "systems": "systems"
      },
      "locked": {
        "lastModified": 1731533236,
        "narHash": "sha256-l0KFg5HjrsfsO/JpG+r7fRrqm12kzFHyUHqHCVpMMbI=",
        "owner": "numtide",
        "repo": "flake-utils",
        "rev": "11707dc2f618dd54ca8739b309ec4fc024de578b",
        "type": "github"
      },
      "original": {
        "owner": "numtide",
        "repo": "flake-utils",
        "type": "github"
      }
    },
    "nixpkgs": {
      "locked": {
        "lastModified": 1733588544,
        "narHash": "sha256-FCE/q0JA3VYtrtKy+fFxwxu1EB6HektN8LLewsDm5yg=",
        "owner": "NixOS",
        "repo": "nixpkgs",
        "rev": "b5879c104e9e424af2c6153870c84ef22a9804e2",
        "type": "github"
      },
      "original": {
        "owner": "NixOS",
        "repo": "nixpkgs",
        "type": "github"
      }
    },
    "nixpkgs-gradle": {
      "locked": {
        "lastModified": 1706897292,
        "narHash": "sha256-hd24XHa6EGeDfCuQOcAOS11bkJrZEpW/rYPoE7VU9Rg=",
        "owner": "NixOS",
        "repo": "nixpkgs",
        "rev": "68bb040a9617ec704cb453cc921f7516d5b36cae",
        "type": "github"
      },
      "original": {
        "owner": "NixOS",
        "repo": "nixpkgs",
        "rev": "68bb040a9617ec704cb453cc921f7516d5b36cae",
        "type": "github"
      }
    },
    "nixpkgs-jdk": {
      "locked": {
        "lastModified": 1716548113,
        "narHash": "sha256-slY9lS9NEqwW/cWLzk83FhlrI3AGv30IOLp0ubMrEXE=",
        "owner": "NixOS",
        "repo": "nixpkgs",
        "rev": "e05f1c6f3c9e9feb968d6080196bd4361be5c2c7",
        "type": "github"
      },
      "original": {
        "owner": "NixOS",
        "repo": "nixpkgs",
        "rev": "e05f1c6f3c9e9feb968d6080196bd4361be5c2c7",
        "type": "github"
      }
    },
    "root": {
      "inputs": {
        "flake-utils": "flake-utils",
        "nixpkgs": "nixpkgs",
        "nixpkgs-gradle": "nixpkgs-gradle",
        "nixpkgs-jdk": "nixpkgs-jdk"
      }
    },
    "systems": {
      "locked": {
        "lastModified": 1681028828,
        "narHash": "sha256-Vy1rq5AaRuLzOxct8nz4T6wlgyUR7zLU309k9mBC768=",
        "owner": "nix-systems",
        "repo": "default",
        "rev": "da67096a3b9bf56a91d16901293e51ba5b49a27e",
        "type": "github"
      },
      "original": {
        "owner": "nix-systems",
        "repo": "default",
        "type": "github"
      }
    }
  },
  "root": "root",
  "version": 7
}
